
Microsoft Visual Studio Solution File, Format Version 12.00
# Visual Studio Version 16
VisualStudioVersion = 16.0.29613.14
MinimumVisualStudioVersion = 10.0.40219.1
Project("{FAE04EC0-301F-11D3-BF4B-00C04F79EFBC}") = "ConsoleAppJWT", "ConsoleAppJWT\ConsoleAppJWT.csproj", "{7CE316B0-0E78-4E73-8201-9C50E2AE7D6E}"
EndProject
Global
	GlobalSection(SolutionConfigurationPlatforms) = preSolution
		Debug|Any CPU = Debug|Any CPU
		Release|Any CPU = Release|Any CPU
	EndGlobalSection
	GlobalSection(ProjectConfigurationPlatforms) = postSolution
		{7CE316B0-0E78-4E73-8201-9C50E2AE7D6E}.Debug|Any CPU.ActiveCfg = Debug|Any CPU
		{7CE316B0-0E78-4E73-8201-9C50E2AE7D6E}.Debug|Any CPU.Build.0 = Debug|Any CPU
		{7CE316B0-0E78-4E73-8201-9C50E2AE7D6E}.Release|Any CPU.ActiveCfg = Release|Any CPU
		{7CE316B0-0E78-4E73-8201-9C50E2AE7D6E}.Release|Any CPU.Build.0 = Release|Any CPU
	EndGlobalSection
	GlobalSection(SolutionProperties) = preSolution
		HideSolutionNode = FALSE
	EndGlobalSection
	GlobalSection(ExtensibilityGlobals) = postSolution
		SolutionGuid = {FB296654-7EF4-4AA9-922B-E80E74987868}
	EndGlobalSection
EndGlobal
